
Microsoft Visual Studio Solution File, Format Version 12.00
# Visual Studio Version 17
VisualStudioVersion = 17.11.35327.3
MinimumVisualStudioVersion = 10.0.40219.1
Project("{FAE04EC0-301F-11D3-BF4B-00C04F79EFBC}") = "MentorshipPlatformAPI", "MentorshipPlatformAPI\MentorshipPlatformAPI.csproj", "{EF89256C-AF0A-4808-9BBE-07E5D44AABBA}"
EndProject
Global
	GlobalSection(SolutionConfigurationPlatforms) = preSolution
		Debug|Any CPU = Debug|Any CPU
		Release|Any CPU = Release|Any CPU
	EndGlobalSection
	GlobalSection(ProjectConfigurationPlatforms) = postSolution
		{EF89256C-AF0A-4808-9BBE-07E5D44AABBA}.Debug|Any CPU.ActiveCfg = Debug|Any CPU
		{EF89256C-AF0A-4808-9BBE-07E5D44AABBA}.Debug|Any CPU.Build.0 = Debug|Any CPU
		{EF89256C-AF0A-4808-9BBE-07E5D44AABBA}.Release|Any CPU.ActiveCfg = Release|Any CPU
		{EF89256C-AF0A-4808-9BBE-07E5D44AABBA}.Release|Any CPU.Build.0 = Release|Any CPU
	EndGlobalSection
	GlobalSection(SolutionProperties) = preSolution
		HideSolutionNode = FALSE
	EndGlobalSection
	GlobalSection(ExtensibilityGlobals) = postSolution
		SolutionGuid = {50C7D55C-B597-4F62-B066-42AB1EE603DD}
	EndGlobalSection
EndGlobal
